
Microsoft Visual Studio Solution File, Format Version 12.00
# Visual Studio Version 17
VisualStudioVersion = 17.4.33122.133
MinimumVisualStudioVersion = 10.0.40219.1
Project("{F2A71F9B-5D33-465A-A702-920D77279786}") = "Sorting in FSharp", "BubbleSort\Sorting in FSharp.fsproj", "{C29A1039-0644-4C46-AD9E-754876AE221C}"
EndProject
Global
	GlobalSection(SolutionConfigurationPlatforms) = preSolution
		Debug|Any CPU = Debug|Any CPU
		Release|Any CPU = Release|Any CPU
	EndGlobalSection
	GlobalSection(ProjectConfigurationPlatforms) = postSolution
		{C29A1039-0644-4C46-AD9E-754876AE221C}.Debug|Any CPU.ActiveCfg = Debug|Any CPU
		{C29A1039-0644-4C46-AD9E-754876AE221C}.Debug|Any CPU.Build.0 = Debug|Any CPU
		{C29A1039-0644-4C46-AD9E-754876AE221C}.Release|Any CPU.ActiveCfg = Release|Any CPU
		{C29A1039-0644-4C46-AD9E-754876AE221C}.Release|Any CPU.Build.0 = Release|Any CPU
	EndGlobalSection
	GlobalSection(SolutionProperties) = preSolution
		HideSolutionNode = FALSE
	EndGlobalSection
	GlobalSection(ExtensibilityGlobals) = postSolution
		SolutionGuid = {8B2B28F8-40EB-4648-BEA4-895F00364ADA}
	EndGlobalSection
EndGlobal
